{
  "meteor": {},
  "dependencies": {
    "basePackages": {
      "iron-router": {},
      "bootstrap-datepicker2": {},
      "pagination": {}
    },
    "packages": {
      "iron-router": {
        "git": "https://github.com/EventedMind/iron-router.git",
        "tag": "v0.7.1",
        "commit": "d1ffb3f06ea4c112132b030f2eb1a70b81675ecb"
      },
      "bootstrap-datepicker2": {
        "git": "https://github.com/deepwell/meteor-bootstrap-datepicker.git",
        "tag": "v1.2.0",
        "commit": "b7de18a7cc651ea665cda75048663f90d1a11d10"
      },
      "pagination": {
        "git": "https://github.com/egtann/meteor-pagination.git",
        "tag": "v1.1.0",
        "commit": "02d79e38cc622316c9d4e019e4b7e0d77f7134c9"
      },
      "blaze-layout": {
        "git": "https://github.com/EventedMind/blaze-layout.git",
        "tag": "v0.2.4",
        "commit": "b40e9b0612329288d75cf52ad14a7da64bb8618f"
      }
    }
  }
}
